
Microsoft Visual Studio Solution File, Format Version 12.00
# Visual Studio Version 17
VisualStudioVersion = 17.9.34728.123
MinimumVisualStudioVersion = 10.0.40219.1
Project("{FAE04EC0-301F-11D3-BF4B-00C04F79EFBC}") = "1011_Esfera_Study", "1011_Esfera_Study\1011_Esfera_Study.csproj", "{011BA5C4-6E60-4E5E-BAE1-71FE52CC24BD}"
EndProject
Global
	GlobalSection(SolutionConfigurationPlatforms) = preSolution
		Debug|Any CPU = Debug|Any CPU
		Release|Any CPU = Release|Any CPU
	EndGlobalSection
	GlobalSection(ProjectConfigurationPlatforms) = postSolution
		{011BA5C4-6E60-4E5E-BAE1-71FE52CC24BD}.Debug|Any CPU.ActiveCfg = Debug|Any CPU
		{011BA5C4-6E60-4E5E-BAE1-71FE52CC24BD}.Debug|Any CPU.Build.0 = Debug|Any CPU
		{011BA5C4-6E60-4E5E-BAE1-71FE52CC24BD}.Release|Any CPU.ActiveCfg = Release|Any CPU
		{011BA5C4-6E60-4E5E-BAE1-71FE52CC24BD}.Release|Any CPU.Build.0 = Release|Any CPU
	EndGlobalSection
	GlobalSection(SolutionProperties) = preSolution
		HideSolutionNode = FALSE
	EndGlobalSection
	GlobalSection(ExtensibilityGlobals) = postSolution
		SolutionGuid = {57113052-ACFE-4D8C-83E0-9B1C3084A309}
	EndGlobalSection
EndGlobal
